{"version":4,"terraform_version":"1.10.6","serial":2,"lineage":"8de129c2-4315-c35e-c0fd-98f4c05e4dee","outputs":{},"resources":[{"module":"module.sample_app_1","mode":"managed","type":"aws_instance","name":"sample_app","provider":"module.sample_app_1.provider[\"registry.opentofu.org/hashicorp/aws\"]","instances":[{"schema_version":2,"attributes":{"ami":"ami-0e3b0cc0e0cb76872","arn":"arn:aws:ec2:us-east-2:815563882274:instance/i-0bb14bc08e7c8c721","associate_public_ip_address":true,"availability_zone":"us-east-2b","capacity_reservation_specification":[{"capacity_reservation_preference":"open","capacity_reservation_target":[]}],"cpu_options":[{"amd_sev_snp":"","core_count":1,"threads_per_core":2}],"credit_specification":[{"cpu_credits":"unlimited"}],"disable_api_stop":false,"disable_api_termination":false,"ebs_block_device":[],"ebs_optimized":false,"enable_primary_ipv6":null,"enclave_options":[{"enabled":false}],"ephemeral_block_device":[],"force_destroy":false,"get_password_data":false,"hibernation":false,"host_id":"","host_resource_group_arn":null,"iam_instance_profile":"","id":"i-0bb14bc08e7c8c721","instance_initiated_shutdown_behavior":"stop","instance_lifecycle":"","instance_market_options":[],"instance_state":"running","instance_type":"t3.micro","ipv6_address_count":0,"ipv6_addresses":[],"key_name":"","launch_template":[],"maintenance_options":[{"auto_recovery":"default"}],"metadata_options":[{"http_endpoint":"enabled","http_protocol_ipv6":"disabled","http_put_response_hop_limit":2,"http_tokens":"required","instance_metadata_tags":"disabled"}],"monitoring":false,"network_interface":[],"outpost_arn":"","password_data":"","placement_group":"","placement_group_id":"","placement_partition_number":0,"primary_network_interface":[{"delete_on_termination":true,"network_interface_id":"eni-08a028a3b622f5a16"}],"primary_network_interface_id":"eni-08a028a3b622f5a16","private_dns":"ip-172-31-27-71.us-east-2.compute.internal","private_dns_name_options":[{"enable_resource_name_dns_a_record":false,"enable_resource_name_dns_aaaa_record":false,"hostname_type":"ip-name"}],"private_ip":"172.31.27.71","public_dns":"ec2-3-140-248-190.us-east-2.compute.amazonaws.com","public_ip":"3.140.248.190","region":"us-east-2","root_block_device":[{"delete_on_termination":true,"device_name":"/dev/xvda","encrypted":false,"iops":3000,"kms_key_id":"","tags":{},"tags_all":{},"throughput":125,"volume_id":"vol-0a96737fe2773d6ac","volume_size":8,"volume_type":"gp3"}],"secondary_private_ips":[],"security_groups":["sample-app-tofu-1"],"source_dest_check":true,"spot_instance_request_id":"","subnet_id":"subnet-03727d1036de68393","tags":{"Name":"sample-app-tofu-1","Test":"update"},"tags_all":{"Name":"sample-app-tofu-1","Test":"update"},"tenancy":"default","timeouts":null,"user_data":"#!/usr/bin/env bash\nnohup node /home/ec2-user/app.js \u0026\n","user_data_base64":null,"user_data_replace_on_change":false,"volume_tags":null,"vpc_security_group_ids":["sg-09e38d534c0b05cf9"]},"sensitive_attributes":[],"private":"eyJlMmJmYjczMC1lY2FhLTExZTYtOGY4OC0zNDM2M2JjN2M0YzAiOnsiY3JlYXRlIjo2MDAwMDAwMDAwMDAsImRlbGV0ZSI6MTIwMDAwMDAwMDAwMCwicmVhZCI6OTAwMDAwMDAwMDAwLCJ1cGRhdGUiOjYwMDAwMDAwMDAwMH0sInNjaGVtYV92ZXJzaW9uIjoiMiJ9","dependencies":["module.sample_app_1.aws_security_group.sample_app"]}]},{"module":"module.sample_app_1","mode":"managed","type":"aws_instance","name":"this","provider":"module.sample_app_1.provider[\"registry.opentofu.org/hashicorp/aws\"]","instances":[{"schema_version":2,"attributes":{"ami":"ami-0e3b0cc0e0cb76872","arn":"arn:aws:ec2:us-east-2:815563882274:instance/i-02b5efc2411d3ea2e","associate_public_ip_address":true,"availability_zone":"us-east-2b","capacity_reservation_specification":[{"capacity_reservation_preference":"open","capacity_reservation_target":[]}],"cpu_options":[{"amd_sev_snp":"","core_count":1,"threads_per_core":2}],"credit_specification":[{"cpu_credits":"unlimited"}],"disable_api_stop":false,"disable_api_termination":false,"ebs_block_device":[],"ebs_optimized":false,"enable_primary_ipv6":null,"enclave_options":[{"enabled":false}],"ephemeral_block_device":[],"force_destroy":false,"get_password_data":false,"hibernation":false,"host_id":"","host_resource_group_arn":null,"iam_instance_profile":"","id":"i-02b5efc2411d3ea2e","instance_initiated_shutdown_behavior":"stop","instance_lifecycle":"","instance_market_options":[],"instance_state":"running","instance_type":"t3.micro","ipv6_address_count":0,"ipv6_addresses":[],"key_name":"","launch_template":[],"maintenance_options":[{"auto_recovery":"default"}],"metadata_options":[{"http_endpoint":"enabled","http_protocol_ipv6":"disabled","http_put_response_hop_limit":2,"http_tokens":"required","instance_metadata_tags":"disabled"}],"monitoring":false,"network_interface":[],"outpost_arn":"","password_data":"","placement_group":"","placement_group_id":"","placement_partition_number":0,"primary_network_interface":[{"delete_on_termination":true,"network_interface_id":"eni-0eb568212a6435e53"}],"primary_network_interface_id":"eni-0eb568212a6435e53","private_dns":"ip-172-31-26-167.us-east-2.compute.internal","private_dns_name_options":[{"enable_resource_name_dns_a_record":false,"enable_resource_name_dns_aaaa_record":false,"hostname_type":"ip-name"}],"private_ip":"172.31.26.167","public_dns":"ec2-3-135-18-86.us-east-2.compute.amazonaws.com","public_ip":"3.135.18.86","region":"us-east-2","root_block_device":[{"delete_on_termination":true,"device_name":"/dev/xvda","encrypted":false,"iops":3000,"kms_key_id":"","tags":{},"tags_all":{},"throughput":125,"volume_id":"vol-09272578a6a238eca","volume_size":8,"volume_type":"gp3"}],"secondary_private_ips":[],"security_groups":["default"],"source_dest_check":true,"spot_instance_request_id":"","subnet_id":"subnet-03727d1036de68393","tags":{"Name":"sample-app-tofu-1"},"tags_all":{"Name":"sample-app-tofu-1"},"tenancy":"default","timeouts":null,"user_data":null,"user_data_base64":null,"user_data_replace_on_change":false,"volume_tags":null,"vpc_security_group_ids":["sg-07853b3af488a5de0"]},"sensitive_attributes":[],"private":"eyJlMmJmYjczMC1lY2FhLTExZTYtOGY4OC0zNDM2M2JjN2M0YzAiOnsiY3JlYXRlIjo2MDAwMDAwMDAwMDAsImRlbGV0ZSI6MTIwMDAwMDAwMDAwMCwicmVhZCI6OTAwMDAwMDAwMDAwLCJ1cGRhdGUiOjYwMDAwMDAwMDAwMH0sInNjaGVtYV92ZXJzaW9uIjoiMiJ9"}]},{"module":"module.sample_app_1","mode":"managed","type":"aws_security_group","name":"sample_app","provider":"module.sample_app_1.provider[\"registry.opentofu.org/hashicorp/aws\"]","instances":[{"schema_version":1,"attributes":{"arn":"arn:aws:ec2:us-east-2:815563882274:security-group/sg-09e38d534c0b05cf9","description":"Allow HTTP traffic into the sample app","egress":[],"id":"sg-09e38d534c0b05cf9","ingress":[{"cidr_blocks":["0.0.0.0/0"],"description":"","from_port":8080,"ipv6_cidr_blocks":[],"prefix_list_ids":[],"protocol":"tcp","security_groups":[],"self":false,"to_port":8080}],"name":"sample-app-tofu-1","name_prefix":"","owner_id":"815563882274","region":"us-east-2","revoke_rules_on_delete":false,"tags":{},"tags_all":{},"timeouts":null,"vpc_id":"vpc-08ec4eb4763b47fdd"},"sensitive_attributes":[],"private":"eyJlMmJmYjczMC1lY2FhLTExZTYtOGY4OC0zNDM2M2JjN2M0YzAiOnsiY3JlYXRlIjo2MDAwMDAwMDAwMDAsImRlbGV0ZSI6OTAwMDAwMDAwMDAwfSwic2NoZW1hX3ZlcnNpb24iOiIxIn0="}]},{"module":"module.sample_app_1","mode":"managed","type":"aws_security_group_rule","name":"allow_http_inbound","provider":"module.sample_app_1.provider[\"registry.opentofu.org/hashicorp/aws\"]","instances":[{"schema_version":2,"attributes":{"cidr_blocks":["0.0.0.0/0"],"description":null,"from_port":8080,"id":"sgrule-438195988","ipv6_cidr_blocks":null,"prefix_list_ids":null,"protocol":"tcp","region":"us-east-2","security_group_id":"sg-09e38d534c0b05cf9","security_group_rule_id":"sgr-08bc72dd39f6fdcce","self":false,"source_security_group_id":null,"timeouts":null,"to_port":8080,"type":"ingress"},"sensitive_attributes":[],"private":"eyJlMmJmYjczMC1lY2FhLTExZTYtOGY4OC0zNDM2M2JjN2M0YzAiOnsiY3JlYXRlIjozMDAwMDAwMDAwMDB9LCJzY2hlbWFfdmVyc2lvbiI6IjIifQ==","dependencies":["module.sample_app_1.aws_security_group.sample_app"]}]},{"module":"module.sample_app_2","mode":"managed","type":"aws_instance","name":"sample_app","provider":"module.sample_app_2.provider[\"registry.opentofu.org/hashicorp/aws\"]","instances":[{"schema_version":2,"attributes":{"ami":"ami-0e3b0cc0e0cb76872","arn":"arn:aws:ec2:us-east-2:815563882274:instance/i-07f13b56a1eb36981","associate_public_ip_address":true,"availability_zone":"us-east-2b","capacity_reservation_specification":[{"capacity_reservation_preference":"open","capacity_reservation_target":[]}],"cpu_options":[{"amd_sev_snp":"","core_count":1,"threads_per_core":2}],"credit_specification":[{"cpu_credits":"unlimited"}],"disable_api_stop":false,"disable_api_termination":false,"ebs_block_device":[],"ebs_optimized":false,"enable_primary_ipv6":null,"enclave_options":[{"enabled":false}],"ephemeral_block_device":[],"force_destroy":false,"get_password_data":false,"hibernation":false,"host_id":"","host_resource_group_arn":null,"iam_instance_profile":"","id":"i-07f13b56a1eb36981","instance_initiated_shutdown_behavior":"stop","instance_lifecycle":"","instance_market_options":[],"instance_state":"running","instance_type":"t3.micro","ipv6_address_count":0,"ipv6_addresses":[],"key_name":"","launch_template":[],"maintenance_options":[{"auto_recovery":"default"}],"metadata_options":[{"http_endpoint":"enabled","http_protocol_ipv6":"disabled","http_put_response_hop_limit":2,"http_tokens":"required","instance_metadata_tags":"disabled"}],"monitoring":false,"network_interface":[],"outpost_arn":"","password_data":"","placement_group":"","placement_group_id":"","placement_partition_number":0,"primary_network_interface":[{"delete_on_termination":true,"network_interface_id":"eni-0835dcaf5a2797dc4"}],"primary_network_interface_id":"eni-0835dcaf5a2797dc4","private_dns":"ip-172-31-25-160.us-east-2.compute.internal","private_dns_name_options":[{"enable_resource_name_dns_a_record":false,"enable_resource_name_dns_aaaa_record":false,"hostname_type":"ip-name"}],"private_ip":"172.31.25.160","public_dns":"ec2-3-143-233-233.us-east-2.compute.amazonaws.com","public_ip":"3.143.233.233","region":"us-east-2","root_block_device":[{"delete_on_termination":true,"device_name":"/dev/xvda","encrypted":false,"iops":3000,"kms_key_id":"","tags":{},"tags_all":{},"throughput":125,"volume_id":"vol-06dfb8dae237903a5","volume_size":8,"volume_type":"gp3"}],"secondary_private_ips":[],"security_groups":["sample-app-tofu-2"],"source_dest_check":true,"spot_instance_request_id":"","subnet_id":"subnet-03727d1036de68393","tags":{"Name":"sample-app-tofu-2","Test":"update"},"tags_all":{"Name":"sample-app-tofu-2","Test":"update"},"tenancy":"default","timeouts":null,"user_data":"#!/usr/bin/env bash\nnohup node /home/ec2-user/app.js \u0026\n","user_data_base64":null,"user_data_replace_on_change":false,"volume_tags":null,"vpc_security_group_ids":["sg-0b39e67da282e8d41"]},"sensitive_attributes":[],"private":"eyJlMmJmYjczMC1lY2FhLTExZTYtOGY4OC0zNDM2M2JjN2M0YzAiOnsiY3JlYXRlIjo2MDAwMDAwMDAwMDAsImRlbGV0ZSI6MTIwMDAwMDAwMDAwMCwicmVhZCI6OTAwMDAwMDAwMDAwLCJ1cGRhdGUiOjYwMDAwMDAwMDAwMH0sInNjaGVtYV92ZXJzaW9uIjoiMiJ9","dependencies":["module.sample_app_2.aws_security_group.sample_app"]}]},{"module":"module.sample_app_2","mode":"managed","type":"aws_instance","name":"this","provider":"module.sample_app_2.provider[\"registry.opentofu.org/hashicorp/aws\"]","instances":[{"schema_version":2,"attributes":{"ami":"ami-0e3b0cc0e0cb76872","arn":"arn:aws:ec2:us-east-2:815563882274:instance/i-013dff569a7d7f241","associate_public_ip_address":true,"availability_zone":"us-east-2b","capacity_reservation_specification":[{"capacity_reservation_preference":"open","capacity_reservation_target":[]}],"cpu_options":[{"amd_sev_snp":"","core_count":1,"threads_per_core":2}],"credit_specification":[{"cpu_credits":"unlimited"}],"disable_api_stop":false,"disable_api_termination":false,"ebs_block_device":[],"ebs_optimized":false,"enable_primary_ipv6":null,"enclave_options":[{"enabled":false}],"ephemeral_block_device":[],"force_destroy":false,"get_password_data":false,"hibernation":false,"host_id":"","host_resource_group_arn":null,"iam_instance_profile":"","id":"i-013dff569a7d7f241","instance_initiated_shutdown_behavior":"stop","instance_lifecycle":"","instance_market_options":[],"instance_state":"running","instance_type":"t3.micro","ipv6_address_count":0,"ipv6_addresses":[],"key_name":"","launch_template":[],"maintenance_options":[{"auto_recovery":"default"}],"metadata_options":[{"http_endpoint":"enabled","http_protocol_ipv6":"disabled","http_put_response_hop_limit":2,"http_tokens":"required","instance_metadata_tags":"disabled"}],"monitoring":false,"network_interface":[],"outpost_arn":"","password_data":"","placement_group":"","placement_group_id":"","placement_partition_number":0,"primary_network_interface":[{"delete_on_termination":true,"network_interface_id":"eni-0b01d6ccf3ea1d1f4"}],"primary_network_interface_id":"eni-0b01d6ccf3ea1d1f4","private_dns":"ip-172-31-17-113.us-east-2.compute.internal","private_dns_name_options":[{"enable_resource_name_dns_a_record":false,"enable_resource_name_dns_aaaa_record":false,"hostname_type":"ip-name"}],"private_ip":"172.31.17.113","public_dns":"ec2-18-223-98-231.us-east-2.compute.amazonaws.com","public_ip":"18.223.98.231","region":"us-east-2","root_block_device":[{"delete_on_termination":true,"device_name":"/dev/xvda","encrypted":false,"iops":3000,"kms_key_id":"","tags":{},"tags_all":{},"throughput":125,"volume_id":"vol-066ac4e087c9b008b","volume_size":8,"volume_type":"gp3"}],"secondary_private_ips":[],"security_groups":["default"],"source_dest_check":true,"spot_instance_request_id":"","subnet_id":"subnet-03727d1036de68393","tags":{"Name":"sample-app-tofu-2"},"tags_all":{"Name":"sample-app-tofu-2"},"tenancy":"default","timeouts":null,"user_data":null,"user_data_base64":null,"user_data_replace_on_change":false,"volume_tags":null,"vpc_security_group_ids":["sg-07853b3af488a5de0"]},"sensitive_attributes":[],"private":"eyJlMmJmYjczMC1lY2FhLTExZTYtOGY4OC0zNDM2M2JjN2M0YzAiOnsiY3JlYXRlIjo2MDAwMDAwMDAwMDAsImRlbGV0ZSI6MTIwMDAwMDAwMDAwMCwicmVhZCI6OTAwMDAwMDAwMDAwLCJ1cGRhdGUiOjYwMDAwMDAwMDAwMH0sInNjaGVtYV92ZXJzaW9uIjoiMiJ9"}]},{"module":"module.sample_app_2","mode":"managed","type":"aws_security_group","name":"sample_app","provider":"module.sample_app_2.provider[\"registry.opentofu.org/hashicorp/aws\"]","instances":[{"schema_version":1,"attributes":{"arn":"arn:aws:ec2:us-east-2:815563882274:security-group/sg-0b39e67da282e8d41","description":"Allow HTTP traffic into the sample app","egress":[],"id":"sg-0b39e67da282e8d41","ingress":[{"cidr_blocks":["0.0.0.0/0"],"description":"","from_port":8080,"ipv6_cidr_blocks":[],"prefix_list_ids":[],"protocol":"tcp","security_groups":[],"self":false,"to_port":8080}],"name":"sample-app-tofu-2","name_prefix":"","owner_id":"815563882274","region":"us-east-2","revoke_rules_on_delete":false,"tags":{},"tags_all":{},"timeouts":null,"vpc_id":"vpc-08ec4eb4763b47fdd"},"sensitive_attributes":[],"private":"eyJlMmJmYjczMC1lY2FhLTExZTYtOGY4OC0zNDM2M2JjN2M0YzAiOnsiY3JlYXRlIjo2MDAwMDAwMDAwMDAsImRlbGV0ZSI6OTAwMDAwMDAwMDAwfSwic2NoZW1hX3ZlcnNpb24iOiIxIn0="}]},{"module":"module.sample_app_2","mode":"managed","type":"aws_security_group_rule","name":"allow_http_inbound","provider":"module.sample_app_2.provider[\"registry.opentofu.org/hashicorp/aws\"]","instances":[{"schema_version":2,"attributes":{"cidr_blocks":["0.0.0.0/0"],"description":null,"from_port":8080,"id":"sgrule-753655738","ipv6_cidr_blocks":null,"prefix_list_ids":null,"protocol":"tcp","region":"us-east-2","security_group_id":"sg-0b39e67da282e8d41","security_group_rule_id":"sgr-0eb97c6c2b8de3531","self":false,"source_security_group_id":null,"timeouts":null,"to_port":8080,"type":"ingress"},"sensitive_attributes":[],"private":"eyJlMmJmYjczMC1lY2FhLTExZTYtOGY4OC0zNDM2M2JjN2M0YzAiOnsiY3JlYXRlIjozMDAwMDAwMDAwMDB9LCJzY2hlbWFfdmVyc2lvbiI6IjIifQ==","dependencies":["module.sample_app_2.aws_security_group.sample_app"]}]}],"check_results":null}
